
Microsoft Visual Studio Solution File, Format Version 12.00
# Visual Studio Version 16
VisualStudioVersion = 16.6.30114.105
MinimumVisualStudioVersion = 10.0.40219.1
Project("{2150E333-8FDC-42A3-9474-1A3956D46DE8}") = "src", "src", "{E9351325-129A-4729-A87F-E2A9AB71AACF}"
EndProject
Project("{FAE04EC0-301F-11D3-BF4B-00C04F79EFBC}") = "Efcore.SqlIn", "src\Efcore.SqlIn\Efcore.SqlIn.csproj", "{4CF0DD8A-0EBD-401A-AB50-8983427FCF06}"
EndProject
Global
	GlobalSection(SolutionConfigurationPlatforms) = preSolution
		Debug|Any CPU = Debug|Any CPU
		Debug|x64 = Debug|x64
		Debug|x86 = Debug|x86
		Release|Any CPU = Release|Any CPU
		Release|x64 = Release|x64
		Release|x86 = Release|x86
	EndGlobalSection
	GlobalSection(SolutionProperties) = preSolution
		HideSolutionNode = FALSE
	EndGlobalSection
	GlobalSection(ProjectConfigurationPlatforms) = postSolution
		{4CF0DD8A-0EBD-401A-AB50-8983427FCF06}.Debug|Any CPU.ActiveCfg = Debug|Any CPU
		{4CF0DD8A-0EBD-401A-AB50-8983427FCF06}.Debug|Any CPU.Build.0 = Debug|Any CPU
		{4CF0DD8A-0EBD-401A-AB50-8983427FCF06}.Debug|x64.ActiveCfg = Debug|Any CPU
		{4CF0DD8A-0EBD-401A-AB50-8983427FCF06}.Debug|x64.Build.0 = Debug|Any CPU
		{4CF0DD8A-0EBD-401A-AB50-8983427FCF06}.Debug|x86.ActiveCfg = Debug|Any CPU
		{4CF0DD8A-0EBD-401A-AB50-8983427FCF06}.Debug|x86.Build.0 = Debug|Any CPU
		{4CF0DD8A-0EBD-401A-AB50-8983427FCF06}.Release|Any CPU.ActiveCfg = Release|Any CPU
		{4CF0DD8A-0EBD-401A-AB50-8983427FCF06}.Release|Any CPU.Build.0 = Release|Any CPU
		{4CF0DD8A-0EBD-401A-AB50-8983427FCF06}.Release|x64.ActiveCfg = Release|Any CPU
		{4CF0DD8A-0EBD-401A-AB50-8983427FCF06}.Release|x64.Build.0 = Release|Any CPU
		{4CF0DD8A-0EBD-401A-AB50-8983427FCF06}.Release|x86.ActiveCfg = Release|Any CPU
		{4CF0DD8A-0EBD-401A-AB50-8983427FCF06}.Release|x86.Build.0 = Release|Any CPU
	EndGlobalSection
	GlobalSection(NestedProjects) = preSolution
		{4CF0DD8A-0EBD-401A-AB50-8983427FCF06} = {E9351325-129A-4729-A87F-E2A9AB71AACF}
	EndGlobalSection
EndGlobal
