
Microsoft Visual Studio Solution File, Format Version 12.00
# Visual Studio Version 16
VisualStudioVersion = 16.6.30114.105
MinimumVisualStudioVersion = 10.0.40219.1
Project("{2150E333-8FDC-42A3-9474-1A3956D46DE8}") = "src", "src", "{E9351325-129A-4729-A87F-E2A9AB71AACF}"
EndProject
Project("{FAE04EC0-301F-11D3-BF4B-00C04F79EFBC}") = "Efcore.SqlIn", "src\Efcore.SqlIn\Efcore.SqlIn.csproj", "{4CF0DD8A-0EBD-401A-AB50-8983427FCF06}"
EndProject
Project("{2150E333-8FDC-42A3-9474-1A3956D46DE8}") = "tests", "tests", "{7F417DCC-1BBE-40A2-84C0-519F60B19505}"
EndProject
Project("{FAE04EC0-301F-11D3-BF4B-00C04F79EFBC}") = "Efcore.Sqlin.IntegrationTests", "tests\Efcore.Sqlin.IntegrationTests\Efcore.Sqlin.IntegrationTests.csproj", "{7C33E2A3-3FE8-4684-BDA2-5BAB5A1C0476}"
EndProject
Project("{FAE04EC0-301F-11D3-BF4B-00C04F79EFBC}") = "Efcore.Sqlin.UnitTests", "tests\Efcore.Sqlin.UnitTests\Efcore.Sqlin.UnitTests.csproj", "{D544E528-0A46-46EB-B4EF-483FBFC7E4C9}"
EndProject
Global
	GlobalSection(SolutionConfigurationPlatforms) = preSolution
		Debug|Any CPU = Debug|Any CPU
		Debug|x64 = Debug|x64
		Debug|x86 = Debug|x86
		Release|Any CPU = Release|Any CPU
		Release|x64 = Release|x64
		Release|x86 = Release|x86
	EndGlobalSection
	GlobalSection(SolutionProperties) = preSolution
		HideSolutionNode = FALSE
	EndGlobalSection
	GlobalSection(ProjectConfigurationPlatforms) = postSolution
		{4CF0DD8A-0EBD-401A-AB50-8983427FCF06}.Debug|Any CPU.ActiveCfg = Debug|Any CPU
		{4CF0DD8A-0EBD-401A-AB50-8983427FCF06}.Debug|Any CPU.Build.0 = Debug|Any CPU
		{4CF0DD8A-0EBD-401A-AB50-8983427FCF06}.Debug|x64.ActiveCfg = Debug|Any CPU
		{4CF0DD8A-0EBD-401A-AB50-8983427FCF06}.Debug|x64.Build.0 = Debug|Any CPU
		{4CF0DD8A-0EBD-401A-AB50-8983427FCF06}.Debug|x86.ActiveCfg = Debug|Any CPU
		{4CF0DD8A-0EBD-401A-AB50-8983427FCF06}.Debug|x86.Build.0 = Debug|Any CPU
		{4CF0DD8A-0EBD-401A-AB50-8983427FCF06}.Release|Any CPU.ActiveCfg = Release|Any CPU
		{4CF0DD8A-0EBD-401A-AB50-8983427FCF06}.Release|Any CPU.Build.0 = Release|Any CPU
		{4CF0DD8A-0EBD-401A-AB50-8983427FCF06}.Release|x64.ActiveCfg = Release|Any CPU
		{4CF0DD8A-0EBD-401A-AB50-8983427FCF06}.Release|x64.Build.0 = Release|Any CPU
		{4CF0DD8A-0EBD-401A-AB50-8983427FCF06}.Release|x86.ActiveCfg = Release|Any CPU
		{4CF0DD8A-0EBD-401A-AB50-8983427FCF06}.Release|x86.Build.0 = Release|Any CPU
		{7C33E2A3-3FE8-4684-BDA2-5BAB5A1C0476}.Debug|Any CPU.ActiveCfg = Debug|Any CPU
		{7C33E2A3-3FE8-4684-BDA2-5BAB5A1C0476}.Debug|Any CPU.Build.0 = Debug|Any CPU
		{7C33E2A3-3FE8-4684-BDA2-5BAB5A1C0476}.Debug|x64.ActiveCfg = Debug|Any CPU
		{7C33E2A3-3FE8-4684-BDA2-5BAB5A1C0476}.Debug|x64.Build.0 = Debug|Any CPU
		{7C33E2A3-3FE8-4684-BDA2-5BAB5A1C0476}.Debug|x86.ActiveCfg = Debug|Any CPU
		{7C33E2A3-3FE8-4684-BDA2-5BAB5A1C0476}.Debug|x86.Build.0 = Debug|Any CPU
		{7C33E2A3-3FE8-4684-BDA2-5BAB5A1C0476}.Release|Any CPU.ActiveCfg = Release|Any CPU
		{7C33E2A3-3FE8-4684-BDA2-5BAB5A1C0476}.Release|Any CPU.Build.0 = Release|Any CPU
		{7C33E2A3-3FE8-4684-BDA2-5BAB5A1C0476}.Release|x64.ActiveCfg = Release|Any CPU
		{7C33E2A3-3FE8-4684-BDA2-5BAB5A1C0476}.Release|x64.Build.0 = Release|Any CPU
		{7C33E2A3-3FE8-4684-BDA2-5BAB5A1C0476}.Release|x86.ActiveCfg = Release|Any CPU
		{7C33E2A3-3FE8-4684-BDA2-5BAB5A1C0476}.Release|x86.Build.0 = Release|Any CPU
		{D544E528-0A46-46EB-B4EF-483FBFC7E4C9}.Debug|Any CPU.ActiveCfg = Debug|Any CPU
		{D544E528-0A46-46EB-B4EF-483FBFC7E4C9}.Debug|Any CPU.Build.0 = Debug|Any CPU
		{D544E528-0A46-46EB-B4EF-483FBFC7E4C9}.Debug|x64.ActiveCfg = Debug|Any CPU
		{D544E528-0A46-46EB-B4EF-483FBFC7E4C9}.Debug|x64.Build.0 = Debug|Any CPU
		{D544E528-0A46-46EB-B4EF-483FBFC7E4C9}.Debug|x86.ActiveCfg = Debug|Any CPU
		{D544E528-0A46-46EB-B4EF-483FBFC7E4C9}.Debug|x86.Build.0 = Debug|Any CPU
		{D544E528-0A46-46EB-B4EF-483FBFC7E4C9}.Release|Any CPU.ActiveCfg = Release|Any CPU
		{D544E528-0A46-46EB-B4EF-483FBFC7E4C9}.Release|Any CPU.Build.0 = Release|Any CPU
		{D544E528-0A46-46EB-B4EF-483FBFC7E4C9}.Release|x64.ActiveCfg = Release|Any CPU
		{D544E528-0A46-46EB-B4EF-483FBFC7E4C9}.Release|x64.Build.0 = Release|Any CPU
		{D544E528-0A46-46EB-B4EF-483FBFC7E4C9}.Release|x86.ActiveCfg = Release|Any CPU
		{D544E528-0A46-46EB-B4EF-483FBFC7E4C9}.Release|x86.Build.0 = Release|Any CPU
	EndGlobalSection
	GlobalSection(NestedProjects) = preSolution
		{4CF0DD8A-0EBD-401A-AB50-8983427FCF06} = {E9351325-129A-4729-A87F-E2A9AB71AACF}
		{7C33E2A3-3FE8-4684-BDA2-5BAB5A1C0476} = {7F417DCC-1BBE-40A2-84C0-519F60B19505}
		{D544E528-0A46-46EB-B4EF-483FBFC7E4C9} = {7F417DCC-1BBE-40A2-84C0-519F60B19505}
	EndGlobalSection
EndGlobal
